# THIS IS AN AUTOGENERATED FILE. DO NOT EDIT THIS FILE DIRECTLY.
# yarn lockfile v1


"@types/prop-types@*":
  "integrity" "sha512-rZ5drC/jWjrArrS8BR6SIr4cWpW09RNTYt9AMZo3Jwwif+iacXAqgVjm0B0Bv/S1jhDXKHqRVNCbACkJ89RAnQ=="
  "resolved" "https://registry.npmjs.org/@types/prop-types/-/prop-types-15.7.4.tgz"
  "version" "15.7.4"

"@types/react-dom@^17.0.11":
  "integrity" "sha512-wEP+B8hzvy6ORDv1QBhcQia4j6ea4SFIBttHYpXKPFZRviBvknq0FRh3VrIxeXUmsPkwuXVZrVGG7KUVONmXCQ=="
  "resolved" "https://registry.npmjs.org/@types/react-dom/-/react-dom-17.0.13.tgz"
  "version" "17.0.13"
  dependencies:
    "@types/react" "*"

"@types/react-motion@^0.0.32":
  "integrity" "sha512-xePjDdhy6/6AX3CUQCeQ2GSF0RwF+lXSpUSrm8tmdUXRf5Ps/dULwouTJ8YHhDvX7WlwYRKZjHXatadz/x3HXA=="
  "resolved" "https://registry.npmjs.org/@types/react-motion/-/react-motion-0.0.32.tgz"
  "version" "0.0.32"
  dependencies:
    "@types/react" "*"

"@types/react@*", "@types/react@^17.0.34":
  "integrity" "sha512-UrXhD/JyLH+W70nNSufXqMZNuUD2cXHu6UjCllC6pmOQgBX4SGXOH8fjRka0O0Ee0HrFxapDD8Bwn81Kmiz6jQ=="
  "resolved" "https://registry.npmjs.org/@types/react/-/react-17.0.40.tgz"
  "version" "17.0.40"
  dependencies:
    "@types/prop-types" "*"
    "@types/scheduler" "*"
    "csstype" "^3.0.2"

"@types/scheduler@*":
  "integrity" "sha512-hppQEBDmlwhFAXKJX2KnWLYu5yMfi91yazPb2l+lbJiwW+wdo1gNeRA+3RgNSO39WYX2euey41KEwnqesU2Jew=="
  "resolved" "https://registry.npmjs.org/@types/scheduler/-/scheduler-0.16.2.tgz"
  "version" "0.16.2"

"csstype@^3.0.2":
  "integrity" "sha512-sa6P2wJ+CAbgyy4KFssIb/JNMLxFvKF1pCYCSXS8ZMuqZnMsrxqI2E5sPyoTpxoPU/gVZMzr2zjOfg8GIZOMsw=="
  "resolved" "https://registry.npmjs.org/csstype/-/csstype-3.0.11.tgz"
  "version" "3.0.11"

"js-tokens@^3.0.0 || ^4.0.0":
  "integrity" "sha512-RdJUflcE3cUzKiMqQgsCu06FPu9UdIJO0beYbPhHN4k6apgJtifcoCtT9bcxOpYBtpD2kCM6Sbzg4CausW/PKQ=="
  "resolved" "https://registry.npmjs.org/js-tokens/-/js-tokens-4.0.0.tgz"
  "version" "4.0.0"

"loose-envify@^1.1.0", "loose-envify@^1.4.0":
  "integrity" "sha512-lyuxPGr/Wfhrlem2CL/UcnUc1zcqKAImBDzukY7Y5F/yQiNdko6+fRLevlw1HgMySw7f611UIY408EtxRSoK3Q=="
  "resolved" "https://registry.npmjs.org/loose-envify/-/loose-envify-1.4.0.tgz"
  "version" "1.4.0"
  dependencies:
    "js-tokens" "^3.0.0 || ^4.0.0"

"object-assign@^4.1.1":
  "integrity" "sha1-IQmtx5ZYh8/AXLvUQsrIv7s2CGM="
  "resolved" "https://registry.npmjs.org/object-assign/-/object-assign-4.1.1.tgz"
  "version" "4.1.1"

"performance-now@^0.2.0":
  "integrity" "sha1-M+8wxcd9TqIcWlOGnZG1bY8lVeU="
  "resolved" "https://registry.npmjs.org/performance-now/-/performance-now-0.2.0.tgz"
  "version" "0.2.0"

"performance-now@^2.1.0":
  "integrity" "sha1-Ywn04OX6kT7BxpMHrjZLSzd8nns="
  "resolved" "https://registry.npmjs.org/performance-now/-/performance-now-2.1.0.tgz"
  "version" "2.1.0"

"prop-types@^15.5.8", "prop-types@^15.6.2":
  "integrity" "sha512-oj87CgZICdulUohogVAR7AjlC0327U4el4L6eAvOqCeudMDVU0NThNaV+b9Df4dXgSP1gXMTnPdhfe/2qDH5cg=="
  "resolved" "https://registry.npmjs.org/prop-types/-/prop-types-15.8.1.tgz"
  "version" "15.8.1"
  dependencies:
    "loose-envify" "^1.4.0"
    "object-assign" "^4.1.1"
    "react-is" "^16.13.1"

"raf@^3.1.0":
  "integrity" "sha512-Sq4CW4QhwOHE8ucn6J34MqtZCeWFP2aQSmrlroYgqAV1PjStIhJXxYuTgUIfkEk7zTLjmIjLmU5q+fbD1NnOJA=="
  "resolved" "https://registry.npmjs.org/raf/-/raf-3.4.1.tgz"
  "version" "3.4.1"
  dependencies:
    "performance-now" "^2.1.0"

"react-dom@^16.8.0":
  "integrity" "sha512-1gCeQXDLoIqMgqD3IO2Ah9bnf0w9kzhwN5q4FGnHZ67hBm9yePzB5JJAIQCc8x3pFnNlwFq4RidZggNAAkzWWw=="
  "resolved" "https://registry.npmjs.org/react-dom/-/react-dom-16.14.0.tgz"
  "version" "16.14.0"
  dependencies:
    "loose-envify" "^1.1.0"
    "object-assign" "^4.1.1"
    "prop-types" "^15.6.2"
    "scheduler" "^0.19.1"

"react-is@^16.13.1":
  "integrity" "sha512-24e6ynE2H+OKt4kqsOvNd8kBpV65zoxbA4BVsEOB3ARVWQki/DHzaUoC5KuON/BiccDaCCTZBuOcfZs70kR8bQ=="
  "resolved" "https://registry.npmjs.org/react-is/-/react-is-16.13.1.tgz"
  "version" "16.13.1"

"react-motion@^0.5.2":
  "integrity" "sha512-9q3YAvHoUiWlP3cK0v+w1N5Z23HXMj4IF4YuvjvWegWqNPfLXsOBE/V7UvQGpXxHFKRQQcNcVQE31g9SB/6qgQ=="
  "resolved" "https://registry.npmjs.org/react-motion/-/react-motion-0.5.2.tgz"
  "version" "0.5.2"
  dependencies:
    "performance-now" "^0.2.0"
    "prop-types" "^15.5.8"
    "raf" "^3.1.0"

"react-parallax-mouse@^1.5.1":
  "integrity" "sha512-KCKK/42M4aNrp/4OdmttrL6X06hBf1CZalvBVPBPHx/8IQ2DAyHPxCEVE74j5wbvq5PkpsBaoFijrzyauM4GqQ=="
  "resolved" "https://registry.npmjs.org/react-parallax-mouse/-/react-parallax-mouse-1.5.1.tgz"
  "version" "1.5.1"
  dependencies:
    "@types/react" "^17.0.34"
    "@types/react-dom" "^17.0.11"
    "@types/react-motion" "^0.0.32"
    "react-motion" "^0.5.2"

"react@^0.14.9 || ^15.3.0 || ^16.0.0", "react@^16.14.0", "react@^16.8.0":
  "integrity" "sha512-0X2CImDkJGApiAlcf0ODKIneSwBPhqJawOa5wCtKbu7ZECrmS26NvtSILynQ66cgkT/RJ4LidJOc3bUESwmU8g=="
  "resolved" "https://registry.npmjs.org/react/-/react-16.14.0.tgz"
  "version" "16.14.0"
  dependencies:
    "loose-envify" "^1.1.0"
    "object-assign" "^4.1.1"
    "prop-types" "^15.6.2"

"scheduler@^0.19.1":
  "integrity" "sha512-n/zwRWRYSUj0/3g/otKDRPMh6qv2SYMWNq85IEa8iZyAv8od9zDYpGSnpBEjNgcMNq6Scbu5KfIPxNF72R/2EA=="
  "resolved" "https://registry.npmjs.org/scheduler/-/scheduler-0.19.1.tgz"
  "version" "0.19.1"
  dependencies:
    "loose-envify" "^1.1.0"
    "object-assign" "^4.1.1"
